
Microsoft Visual Studio Solution File, Format Version 12.00
# Visual Studio Version 16
VisualStudioVersion = 16.0.31624.102
MinimumVisualStudioVersion = 10.0.40219.1
Project("{FAE04EC0-301F-11D3-BF4B-00C04F79EFBC}") = "PersonSorter", "PersonSorter\PersonSorter.csproj", "{BD4B3451-C572-447C-AF1C-FA3C55B6CEC0}"
EndProject
Global
	GlobalSection(SolutionConfigurationPlatforms) = preSolution
		Debug|Any CPU = Debug|Any CPU
		Release|Any CPU = Release|Any CPU
	EndGlobalSection
	GlobalSection(ProjectConfigurationPlatforms) = postSolution
		{BD4B3451-C572-447C-AF1C-FA3C55B6CEC0}.Debug|Any CPU.ActiveCfg = Debug|Any CPU
		{BD4B3451-C572-447C-AF1C-FA3C55B6CEC0}.Debug|Any CPU.Build.0 = Debug|Any CPU
		{BD4B3451-C572-447C-AF1C-FA3C55B6CEC0}.Release|Any CPU.ActiveCfg = Release|Any CPU
		{BD4B3451-C572-447C-AF1C-FA3C55B6CEC0}.Release|Any CPU.Build.0 = Release|Any CPU
	EndGlobalSection
	GlobalSection(SolutionProperties) = preSolution
		HideSolutionNode = FALSE
	EndGlobalSection
	GlobalSection(ExtensibilityGlobals) = postSolution
		SolutionGuid = {EF2896F5-BB1B-4CE4-80A8-3F61209B1610}
	EndGlobalSection
EndGlobal
